{
  "name": "til",
  "version": "1.0.0",
  "lockfileVersion": 2,
  "requires": true,
  "packages": {
    "": {
      "name": "til",
      "version": "1.0.0",
      "license": "ISC",
      "dependencies": {
        "gitbook-plugin-edit-link": "^2.0.2"
      },
      "devDependencies": {}
    },
    "node_modules/gitbook-plugin-edit-link": {
      "version": "2.0.2",
      "resolved": "https://registry.npmjs.org/gitbook-plugin-edit-link/-/gitbook-plugin-edit-link-2.0.2.tgz",
      "integrity": "sha512-huqV1rWX/zGoWR7bPgcyTMEgGM1Fe4l02GKTknVi4Fvn8S9QQZCVCn+o0BtAwEACbg5VGoonymzqyIE3j+ZYnQ==",
      "engines": {
        "gitbook": ">=2.5.0"
      }
    }
  },
  "dependencies": {
    "gitbook-plugin-edit-link": {
      "version": "2.0.2",
      "resolved": "https://registry.npmjs.org/gitbook-plugin-edit-link/-/gitbook-plugin-edit-link-2.0.2.tgz",
      "integrity": "sha512-huqV1rWX/zGoWR7bPgcyTMEgGM1Fe4l02GKTknVi4Fvn8S9QQZCVCn+o0BtAwEACbg5VGoonymzqyIE3j+ZYnQ=="
    }
  }
}
